
Microsoft Visual Studio Solution File, Format Version 12.00
# Visual Studio Version 16
VisualStudioVersion = 16.0.30907.101
MinimumVisualStudioVersion = 10.0.40219.1
Project("{FAE04EC0-301F-11D3-BF4B-00C04F79EFBC}") = "HandsonBsAPI", "HandsonBsAPI\HandsonBsAPI.csproj", "{87ABB439-3B40-4D34-91DD-61B484F3218A}"
EndProject
Global
	GlobalSection(SolutionConfigurationPlatforms) = preSolution
		Debug|Any CPU = Debug|Any CPU
		Release|Any CPU = Release|Any CPU
	EndGlobalSection
	GlobalSection(ProjectConfigurationPlatforms) = postSolution
		{87ABB439-3B40-4D34-91DD-61B484F3218A}.Debug|Any CPU.ActiveCfg = Debug|Any CPU
		{87ABB439-3B40-4D34-91DD-61B484F3218A}.Debug|Any CPU.Build.0 = Debug|Any CPU
		{87ABB439-3B40-4D34-91DD-61B484F3218A}.Release|Any CPU.ActiveCfg = Release|Any CPU
		{87ABB439-3B40-4D34-91DD-61B484F3218A}.Release|Any CPU.Build.0 = Release|Any CPU
	EndGlobalSection
	GlobalSection(SolutionProperties) = preSolution
		HideSolutionNode = FALSE
	EndGlobalSection
	GlobalSection(ExtensibilityGlobals) = postSolution
		SolutionGuid = {99B572E5-72ED-45B6-8C93-EDB5BBA72A34}
	EndGlobalSection
EndGlobal
